
Microsoft Visual Studio Solution File, Format Version 12.00
# Visual Studio Version 17
VisualStudioVersion = 17.12.35527.113
MinimumVisualStudioVersion = 10.0.40219.1
Project("{FAE04EC0-301F-11D3-BF4B-00C04F79EFBC}") = "ChoosingPaymentMethod", "ChoosingPaymentMethod\ChoosingPaymentMethod.csproj", "{F36E5C88-9651-4C75-BA64-DC4282E8E54D}"
EndProject
Project("{2150E333-8FDC-42A3-9474-1A3956D46DE8}") = "Strategy", "Strategy", "{F23E762B-61CC-4185-92F8-13CA6BB6B3C5}"
EndProject
Project("{FAE04EC0-301F-11D3-BF4B-00C04F79EFBC}") = "ChoosingSortingAlgorithm", "ChoosingSortingAlgorithm\ChoosingSortingAlgorithm.csproj", "{F65993FC-73AB-4A40-BC2D-FA60EED52F2A}"
EndProject
Project("{FAE04EC0-301F-11D3-BF4B-00C04F79EFBC}") = "ChoosingCompressionAlgorithm", "ChoosingCompressionAlgorithm\ChoosingCompressionAlgorithm.csproj", "{5B1360DB-8959-4025-B9AF-9C287A6E50E7}"
EndProject
Project("{FAE04EC0-301F-11D3-BF4B-00C04F79EFBC}") = "LoggingMessages", "LoggingMessages\LoggingMessages.csproj", "{6CF00112-CAB6-491E-93A9-E1AA602C7370}"
EndProject
Project("{FAE04EC0-301F-11D3-BF4B-00C04F79EFBC}") = "OrderProcessing", "OrderProcessing\OrderProcessing.csproj", "{E7C4F535-BA76-4FDD-B8CB-E151D9B67D8C}"
EndProject
Project("{2150E333-8FDC-42A3-9474-1A3956D46DE8}") = "readme", "readme", "{02AF0B54-990B-49A5-B8C1-C1B7D0C235E1}"
	ProjectSection(SolutionItems) = preProject
		strategy_readme.txt = strategy_readme.txt
	EndProjectSection
EndProject
Project("{2150E333-8FDC-42A3-9474-1A3956D46DE8}") = "Mediator", "Mediator", "{7218B349-A195-4312-A8B4-F3A1841137FF}"
EndProject
Project("{2150E333-8FDC-42A3-9474-1A3956D46DE8}") = "readme", "readme", "{F1E6F392-C43A-4450-98CF-20C02E84FD2A}"
	ProjectSection(SolutionItems) = preProject
		mediator_readme.txt = mediator_readme.txt
	EndProjectSection
EndProject
Project("{FAE04EC0-301F-11D3-BF4B-00C04F79EFBC}") = "ChatRoom", "ChatRoom\ChatRoom.csproj", "{209615EA-E440-41A6-A620-EB0CA46A75AF}"
EndProject
Project("{FAE04EC0-301F-11D3-BF4B-00C04F79EFBC}") = "Notification", "Notification\Notification.csproj", "{E7CF7792-F816-42CE-B4CD-91981DEAC52C}"
EndProject
Project("{FAE04EC0-301F-11D3-BF4B-00C04F79EFBC}") = "AirTrafficTower", "AirTrafficMediator\AirTrafficTower.csproj", "{D684A268-EA9F-4B07-B6D1-4E1FF010B1CF}"
EndProject
Project("{2150E333-8FDC-42A3-9474-1A3956D46DE8}") = "TemplateMethod", "TemplateMethod", "{E444124E-509D-4A94-8630-865CBE3DFFF6}"
EndProject
Project("{2150E333-8FDC-42A3-9474-1A3956D46DE8}") = "readme", "readme", "{E2F77796-D841-4F16-8E9D-DBA455C04BD1}"
	ProjectSection(SolutionItems) = preProject
		template_method_readme.txt = template_method_readme.txt
	EndProjectSection
EndProject
Project("{FAE04EC0-301F-11D3-BF4B-00C04F79EFBC}") = "PrepareDrinks", "PrepareDrinks\PrepareDrinks.csproj", "{378F6C48-C0D3-43FD-A7E3-231C707405B8}"
EndProject
Project("{FAE04EC0-301F-11D3-BF4B-00C04F79EFBC}") = "CarBuilder", "CarBuilder\CarBuilder.csproj", "{382E5CE5-7EC0-43A3-B88E-10300749C83C}"
EndProject
Project("{FAE04EC0-301F-11D3-BF4B-00C04F79EFBC}") = "SoftwareDevelopmentProcess", "SoftwareDevelopmentProcess\SoftwareDevelopmentProcess.csproj", "{21803751-EDB0-448B-924F-1CC64858C77E}"
EndProject
Project("{2150E333-8FDC-42A3-9474-1A3956D46DE8}") = "Visitor", "Visitor", "{FD472B12-7DFF-4593-B750-36299AD2E66A}"
EndProject
Project("{2150E333-8FDC-42A3-9474-1A3956D46DE8}") = "readme", "readme", "{34C88552-EB7F-4138-B990-31E8B5F6DB7C}"
	ProjectSection(SolutionItems) = preProject
		visitor_readme.txt = visitor_readme.txt
	EndProjectSection
EndProject
Project("{FAE04EC0-301F-11D3-BF4B-00C04F79EFBC}") = "ShapeAreaCalculator", "ShapeAreaCalculator\ShapeAreaCalculator.csproj", "{D1FCA17C-0D45-4AFB-BF45-CAF8F5CF4CE5}"
EndProject
Project("{2150E333-8FDC-42A3-9474-1A3956D46DE8}") = "SimplificationMethods", "SimplificationMethods", "{C7E82F5B-67E4-4D1B-B842-91046E392CED}"
EndProject
Project("{FAE04EC0-301F-11D3-BF4B-00C04F79EFBC}") = "VisitorReflection", "VisitorReflection\VisitorReflection.csproj", "{C951F03A-D06C-4340-A9AC-16FF873760ED}"
EndProject
Project("{FAE04EC0-301F-11D3-BF4B-00C04F79EFBC}") = "DynamicDispatching", "DynamicDispatching\DynamicDispatching.csproj", "{D680A904-20EE-4DD3-AF85-4FEB5BC4C7BE}"
EndProject
Project("{2150E333-8FDC-42A3-9474-1A3956D46DE8}") = "Iterator", "Iterator", "{FE22C89E-8554-4DC2-83B3-8EEE13375421}"
EndProject
Project("{2150E333-8FDC-42A3-9474-1A3956D46DE8}") = "readme", "readme", "{3B4326B8-D45E-4160-BF14-6E1A491EB626}"
	ProjectSection(SolutionItems) = preProject
		iterator_readme.txt = iterator_readme.txt
	EndProjectSection
EndProject
Project("{FAE04EC0-301F-11D3-BF4B-00C04F79EFBC}") = "SimpleListRealisation", "SimpleListRealisation\SimpleListRealisation.csproj", "{23A1C3AD-239E-4C75-973E-6BB524AB008A}"
EndProject
Project("{FAE04EC0-301F-11D3-BF4B-00C04F79EFBC}") = "TreeTraversal", "TreeTraversal\TreeTraversal.csproj", "{2CA45E2D-67C0-4600-8FCA-ADDEEE7336EE}"
EndProject
Project("{FAE04EC0-301F-11D3-BF4B-00C04F79EFBC}") = "IteratorForStack", "IteratorForStack\IteratorForStack.csproj", "{220EA774-ED98-4F7D-9B34-0729C37F7182}"
EndProject
Project("{FAE04EC0-301F-11D3-BF4B-00C04F79EFBC}") = "EnumerationOfSet", "EnumerationOfSet\EnumerationOfSet.csproj", "{FB5E1F46-2561-4B35-BE77-BB71950C6A94}"
EndProject
Project("{2150E333-8FDC-42A3-9474-1A3956D46DE8}") = "Observer", "Observer", "{F1FCB16F-5F08-46D0-A48F-7CD4FAFF0E08}"
EndProject
Project("{FAE04EC0-301F-11D3-BF4B-00C04F79EFBC}") = "WeatherStation", "WeatherStation\WeatherStation.csproj", "{E8CBD815-D178-4747-B5E3-8B7E32190B44}"
EndProject
Project("{FAE04EC0-301F-11D3-BF4B-00C04F79EFBC}") = "SocialNetwork", "SocialNetwork\SocialNetwork.csproj", "{DF914959-AF8F-4037-9A2A-57507B9C030A}"
EndProject
Project("{2150E333-8FDC-42A3-9474-1A3956D46DE8}") = "State", "State", "{B7CD0E00-8BFB-4688-8644-5EF01B5DF4C7}"
EndProject
Project("{FAE04EC0-301F-11D3-BF4B-00C04F79EFBC}") = "ShoppingCartState", "ShoppingCartState\ShoppingCartState.csproj", "{45FEA6FB-0575-469C-84A5-6524035EF069}"
EndProject
Project("{FAE04EC0-301F-11D3-BF4B-00C04F79EFBC}") = "ServerStatus", "ServerStatus\ServerStatus.csproj", "{3071622F-08D3-423A-916E-A6B3B28968D6}"
EndProject
Project("{2150E333-8FDC-42A3-9474-1A3956D46DE8}") = "ChainOfResponsibility", "ChainOfResponsibility", "{DACCF0AD-9E6F-492E-9F46-3D493CE808DD}"
EndProject
Project("{FAE04EC0-301F-11D3-BF4B-00C04F79EFBC}") = "HandleNumbers", "HandleNumbers\HandleNumbers.csproj", "{2930A7FE-AA52-435E-8331-0F59BA559C79}"
EndProject
Project("{FAE04EC0-301F-11D3-BF4B-00C04F79EFBC}") = "HandleExceptions", "HandleExceptions\HandleExceptions.csproj", "{7EA66DCD-9AC1-42D8-B91D-A61E470A39C7}"
EndProject
Project("{FAE04EC0-301F-11D3-BF4B-00C04F79EFBC}") = "CoRLoggingMessages", "CoRLoggingMessages\CoRLoggingMessages.csproj", "{1B7D1B08-AB8D-4947-8A42-6D94174CA559}"
EndProject
Project("{FAE04EC0-301F-11D3-BF4B-00C04F79EFBC}") = "AuthenticateUsers", "AuthenticateUsers\AuthenticateUsers.csproj", "{74B99365-3EEB-496E-A4DF-5DA9469DED9E}"
EndProject
Project("{FAE04EC0-301F-11D3-BF4B-00C04F79EFBC}") = "EventHandling", "EventHandling\EventHandling.csproj", "{72A361C0-2567-4D5E-8172-500C7225C823}"
EndProject
Project("{2150E333-8FDC-42A3-9474-1A3956D46DE8}") = "Command", "Command", "{300027E9-308D-42B3-A31C-88107C38D7BA}"
EndProject
Project("{FAE04EC0-301F-11D3-BF4B-00C04F79EFBC}") = "CommonStructure", "Command\CommonStructure.csproj", "{6AA19D70-2C21-42D4-910C-71BB6ED25F54}"
EndProject
Project("{FAE04EC0-301F-11D3-BF4B-00C04F79EFBC}") = "TaskSystem", "TaskSystem\TaskSystem.csproj", "{13AD818B-3EA9-4119-8560-8E25AFA49ADC}"
EndProject
Project("{2150E333-8FDC-42A3-9474-1A3956D46DE8}") = "Interpreter", "Interpreter", "{3E8D236C-6200-4A06-87BE-2F9E46B535FC}"
EndProject
Project("{FAE04EC0-301F-11D3-BF4B-00C04F79EFBC}") = "SimpleArithmetic", "SimpleArithmetic\SimpleArithmetic.csproj", "{29249E5E-E453-44FC-8CE1-5B4E346EC1D5}"
EndProject
Global
	GlobalSection(SolutionConfigurationPlatforms) = preSolution
		Debug|Any CPU = Debug|Any CPU
		Release|Any CPU = Release|Any CPU
	EndGlobalSection
	GlobalSection(ProjectConfigurationPlatforms) = postSolution
		{F36E5C88-9651-4C75-BA64-DC4282E8E54D}.Debug|Any CPU.ActiveCfg = Debug|Any CPU
		{F36E5C88-9651-4C75-BA64-DC4282E8E54D}.Debug|Any CPU.Build.0 = Debug|Any CPU
		{F36E5C88-9651-4C75-BA64-DC4282E8E54D}.Release|Any CPU.ActiveCfg = Release|Any CPU
		{F36E5C88-9651-4C75-BA64-DC4282E8E54D}.Release|Any CPU.Build.0 = Release|Any CPU
		{F65993FC-73AB-4A40-BC2D-FA60EED52F2A}.Debug|Any CPU.ActiveCfg = Debug|Any CPU
		{F65993FC-73AB-4A40-BC2D-FA60EED52F2A}.Debug|Any CPU.Build.0 = Debug|Any CPU
		{F65993FC-73AB-4A40-BC2D-FA60EED52F2A}.Release|Any CPU.ActiveCfg = Release|Any CPU
		{F65993FC-73AB-4A40-BC2D-FA60EED52F2A}.Release|Any CPU.Build.0 = Release|Any CPU
		{5B1360DB-8959-4025-B9AF-9C287A6E50E7}.Debug|Any CPU.ActiveCfg = Debug|Any CPU
		{5B1360DB-8959-4025-B9AF-9C287A6E50E7}.Debug|Any CPU.Build.0 = Debug|Any CPU
		{5B1360DB-8959-4025-B9AF-9C287A6E50E7}.Release|Any CPU.ActiveCfg = Release|Any CPU
		{5B1360DB-8959-4025-B9AF-9C287A6E50E7}.Release|Any CPU.Build.0 = Release|Any CPU
		{6CF00112-CAB6-491E-93A9-E1AA602C7370}.Debug|Any CPU.ActiveCfg = Debug|Any CPU
		{6CF00112-CAB6-491E-93A9-E1AA602C7370}.Debug|Any CPU.Build.0 = Debug|Any CPU
		{6CF00112-CAB6-491E-93A9-E1AA602C7370}.Release|Any CPU.ActiveCfg = Release|Any CPU
		{6CF00112-CAB6-491E-93A9-E1AA602C7370}.Release|Any CPU.Build.0 = Release|Any CPU
		{E7C4F535-BA76-4FDD-B8CB-E151D9B67D8C}.Debug|Any CPU.ActiveCfg = Debug|Any CPU
		{E7C4F535-BA76-4FDD-B8CB-E151D9B67D8C}.Debug|Any CPU.Build.0 = Debug|Any CPU
		{E7C4F535-BA76-4FDD-B8CB-E151D9B67D8C}.Release|Any CPU.ActiveCfg = Release|Any CPU
		{E7C4F535-BA76-4FDD-B8CB-E151D9B67D8C}.Release|Any CPU.Build.0 = Release|Any CPU
		{209615EA-E440-41A6-A620-EB0CA46A75AF}.Debug|Any CPU.ActiveCfg = Debug|Any CPU
		{209615EA-E440-41A6-A620-EB0CA46A75AF}.Debug|Any CPU.Build.0 = Debug|Any CPU
		{209615EA-E440-41A6-A620-EB0CA46A75AF}.Release|Any CPU.ActiveCfg = Release|Any CPU
		{209615EA-E440-41A6-A620-EB0CA46A75AF}.Release|Any CPU.Build.0 = Release|Any CPU
		{E7CF7792-F816-42CE-B4CD-91981DEAC52C}.Debug|Any CPU.ActiveCfg = Debug|Any CPU
		{E7CF7792-F816-42CE-B4CD-91981DEAC52C}.Debug|Any CPU.Build.0 = Debug|Any CPU
		{E7CF7792-F816-42CE-B4CD-91981DEAC52C}.Release|Any CPU.ActiveCfg = Release|Any CPU
		{E7CF7792-F816-42CE-B4CD-91981DEAC52C}.Release|Any CPU.Build.0 = Release|Any CPU
		{D684A268-EA9F-4B07-B6D1-4E1FF010B1CF}.Debug|Any CPU.ActiveCfg = Debug|Any CPU
		{D684A268-EA9F-4B07-B6D1-4E1FF010B1CF}.Debug|Any CPU.Build.0 = Debug|Any CPU
		{D684A268-EA9F-4B07-B6D1-4E1FF010B1CF}.Release|Any CPU.ActiveCfg = Release|Any CPU
		{D684A268-EA9F-4B07-B6D1-4E1FF010B1CF}.Release|Any CPU.Build.0 = Release|Any CPU
		{378F6C48-C0D3-43FD-A7E3-231C707405B8}.Debug|Any CPU.ActiveCfg = Debug|Any CPU
		{378F6C48-C0D3-43FD-A7E3-231C707405B8}.Debug|Any CPU.Build.0 = Debug|Any CPU
		{378F6C48-C0D3-43FD-A7E3-231C707405B8}.Release|Any CPU.ActiveCfg = Release|Any CPU
		{378F6C48-C0D3-43FD-A7E3-231C707405B8}.Release|Any CPU.Build.0 = Release|Any CPU
		{382E5CE5-7EC0-43A3-B88E-10300749C83C}.Debug|Any CPU.ActiveCfg = Debug|Any CPU
		{382E5CE5-7EC0-43A3-B88E-10300749C83C}.Debug|Any CPU.Build.0 = Debug|Any CPU
		{382E5CE5-7EC0-43A3-B88E-10300749C83C}.Release|Any CPU.ActiveCfg = Release|Any CPU
		{382E5CE5-7EC0-43A3-B88E-10300749C83C}.Release|Any CPU.Build.0 = Release|Any CPU
		{21803751-EDB0-448B-924F-1CC64858C77E}.Debug|Any CPU.ActiveCfg = Debug|Any CPU
		{21803751-EDB0-448B-924F-1CC64858C77E}.Debug|Any CPU.Build.0 = Debug|Any CPU
		{21803751-EDB0-448B-924F-1CC64858C77E}.Release|Any CPU.ActiveCfg = Release|Any CPU
		{21803751-EDB0-448B-924F-1CC64858C77E}.Release|Any CPU.Build.0 = Release|Any CPU
		{D1FCA17C-0D45-4AFB-BF45-CAF8F5CF4CE5}.Debug|Any CPU.ActiveCfg = Debug|Any CPU
		{D1FCA17C-0D45-4AFB-BF45-CAF8F5CF4CE5}.Debug|Any CPU.Build.0 = Debug|Any CPU
		{D1FCA17C-0D45-4AFB-BF45-CAF8F5CF4CE5}.Release|Any CPU.ActiveCfg = Release|Any CPU
		{D1FCA17C-0D45-4AFB-BF45-CAF8F5CF4CE5}.Release|Any CPU.Build.0 = Release|Any CPU
		{C951F03A-D06C-4340-A9AC-16FF873760ED}.Debug|Any CPU.ActiveCfg = Debug|Any CPU
		{C951F03A-D06C-4340-A9AC-16FF873760ED}.Debug|Any CPU.Build.0 = Debug|Any CPU
		{C951F03A-D06C-4340-A9AC-16FF873760ED}.Release|Any CPU.ActiveCfg = Release|Any CPU
		{C951F03A-D06C-4340-A9AC-16FF873760ED}.Release|Any CPU.Build.0 = Release|Any CPU
		{D680A904-20EE-4DD3-AF85-4FEB5BC4C7BE}.Debug|Any CPU.ActiveCfg = Debug|Any CPU
		{D680A904-20EE-4DD3-AF85-4FEB5BC4C7BE}.Debug|Any CPU.Build.0 = Debug|Any CPU
		{D680A904-20EE-4DD3-AF85-4FEB5BC4C7BE}.Release|Any CPU.ActiveCfg = Release|Any CPU
		{D680A904-20EE-4DD3-AF85-4FEB5BC4C7BE}.Release|Any CPU.Build.0 = Release|Any CPU
		{23A1C3AD-239E-4C75-973E-6BB524AB008A}.Debug|Any CPU.ActiveCfg = Debug|Any CPU
		{23A1C3AD-239E-4C75-973E-6BB524AB008A}.Debug|Any CPU.Build.0 = Debug|Any CPU
		{23A1C3AD-239E-4C75-973E-6BB524AB008A}.Release|Any CPU.ActiveCfg = Release|Any CPU
		{23A1C3AD-239E-4C75-973E-6BB524AB008A}.Release|Any CPU.Build.0 = Release|Any CPU
		{2CA45E2D-67C0-4600-8FCA-ADDEEE7336EE}.Debug|Any CPU.ActiveCfg = Debug|Any CPU
		{2CA45E2D-67C0-4600-8FCA-ADDEEE7336EE}.Debug|Any CPU.Build.0 = Debug|Any CPU
		{2CA45E2D-67C0-4600-8FCA-ADDEEE7336EE}.Release|Any CPU.ActiveCfg = Release|Any CPU
		{2CA45E2D-67C0-4600-8FCA-ADDEEE7336EE}.Release|Any CPU.Build.0 = Release|Any CPU
		{220EA774-ED98-4F7D-9B34-0729C37F7182}.Debug|Any CPU.ActiveCfg = Debug|Any CPU
		{220EA774-ED98-4F7D-9B34-0729C37F7182}.Debug|Any CPU.Build.0 = Debug|Any CPU
		{220EA774-ED98-4F7D-9B34-0729C37F7182}.Release|Any CPU.ActiveCfg = Release|Any CPU
		{220EA774-ED98-4F7D-9B34-0729C37F7182}.Release|Any CPU.Build.0 = Release|Any CPU
		{FB5E1F46-2561-4B35-BE77-BB71950C6A94}.Debug|Any CPU.ActiveCfg = Debug|Any CPU
		{FB5E1F46-2561-4B35-BE77-BB71950C6A94}.Debug|Any CPU.Build.0 = Debug|Any CPU
		{FB5E1F46-2561-4B35-BE77-BB71950C6A94}.Release|Any CPU.ActiveCfg = Release|Any CPU
		{FB5E1F46-2561-4B35-BE77-BB71950C6A94}.Release|Any CPU.Build.0 = Release|Any CPU
		{E8CBD815-D178-4747-B5E3-8B7E32190B44}.Debug|Any CPU.ActiveCfg = Debug|Any CPU
		{E8CBD815-D178-4747-B5E3-8B7E32190B44}.Debug|Any CPU.Build.0 = Debug|Any CPU
		{E8CBD815-D178-4747-B5E3-8B7E32190B44}.Release|Any CPU.ActiveCfg = Release|Any CPU
		{E8CBD815-D178-4747-B5E3-8B7E32190B44}.Release|Any CPU.Build.0 = Release|Any CPU
		{DF914959-AF8F-4037-9A2A-57507B9C030A}.Debug|Any CPU.ActiveCfg = Debug|Any CPU
		{DF914959-AF8F-4037-9A2A-57507B9C030A}.Debug|Any CPU.Build.0 = Debug|Any CPU
		{DF914959-AF8F-4037-9A2A-57507B9C030A}.Release|Any CPU.ActiveCfg = Release|Any CPU
		{DF914959-AF8F-4037-9A2A-57507B9C030A}.Release|Any CPU.Build.0 = Release|Any CPU
		{45FEA6FB-0575-469C-84A5-6524035EF069}.Debug|Any CPU.ActiveCfg = Debug|Any CPU
		{45FEA6FB-0575-469C-84A5-6524035EF069}.Debug|Any CPU.Build.0 = Debug|Any CPU
		{45FEA6FB-0575-469C-84A5-6524035EF069}.Release|Any CPU.ActiveCfg = Release|Any CPU
		{45FEA6FB-0575-469C-84A5-6524035EF069}.Release|Any CPU.Build.0 = Release|Any CPU
		{3071622F-08D3-423A-916E-A6B3B28968D6}.Debug|Any CPU.ActiveCfg = Debug|Any CPU
		{3071622F-08D3-423A-916E-A6B3B28968D6}.Debug|Any CPU.Build.0 = Debug|Any CPU
		{3071622F-08D3-423A-916E-A6B3B28968D6}.Release|Any CPU.ActiveCfg = Release|Any CPU
		{3071622F-08D3-423A-916E-A6B3B28968D6}.Release|Any CPU.Build.0 = Release|Any CPU
		{2930A7FE-AA52-435E-8331-0F59BA559C79}.Debug|Any CPU.ActiveCfg = Debug|Any CPU
		{2930A7FE-AA52-435E-8331-0F59BA559C79}.Debug|Any CPU.Build.0 = Debug|Any CPU
		{2930A7FE-AA52-435E-8331-0F59BA559C79}.Release|Any CPU.ActiveCfg = Release|Any CPU
		{2930A7FE-AA52-435E-8331-0F59BA559C79}.Release|Any CPU.Build.0 = Release|Any CPU
		{7EA66DCD-9AC1-42D8-B91D-A61E470A39C7}.Debug|Any CPU.ActiveCfg = Debug|Any CPU
		{7EA66DCD-9AC1-42D8-B91D-A61E470A39C7}.Debug|Any CPU.Build.0 = Debug|Any CPU
		{7EA66DCD-9AC1-42D8-B91D-A61E470A39C7}.Release|Any CPU.ActiveCfg = Release|Any CPU
		{7EA66DCD-9AC1-42D8-B91D-A61E470A39C7}.Release|Any CPU.Build.0 = Release|Any CPU
		{1B7D1B08-AB8D-4947-8A42-6D94174CA559}.Debug|Any CPU.ActiveCfg = Debug|Any CPU
		{1B7D1B08-AB8D-4947-8A42-6D94174CA559}.Debug|Any CPU.Build.0 = Debug|Any CPU
		{1B7D1B08-AB8D-4947-8A42-6D94174CA559}.Release|Any CPU.ActiveCfg = Release|Any CPU
		{1B7D1B08-AB8D-4947-8A42-6D94174CA559}.Release|Any CPU.Build.0 = Release|Any CPU
		{74B99365-3EEB-496E-A4DF-5DA9469DED9E}.Debug|Any CPU.ActiveCfg = Debug|Any CPU
		{74B99365-3EEB-496E-A4DF-5DA9469DED9E}.Debug|Any CPU.Build.0 = Debug|Any CPU
		{74B99365-3EEB-496E-A4DF-5DA9469DED9E}.Release|Any CPU.ActiveCfg = Release|Any CPU
		{74B99365-3EEB-496E-A4DF-5DA9469DED9E}.Release|Any CPU.Build.0 = Release|Any CPU
		{72A361C0-2567-4D5E-8172-500C7225C823}.Debug|Any CPU.ActiveCfg = Debug|Any CPU
		{72A361C0-2567-4D5E-8172-500C7225C823}.Debug|Any CPU.Build.0 = Debug|Any CPU
		{72A361C0-2567-4D5E-8172-500C7225C823}.Release|Any CPU.ActiveCfg = Release|Any CPU
		{72A361C0-2567-4D5E-8172-500C7225C823}.Release|Any CPU.Build.0 = Release|Any CPU
		{6AA19D70-2C21-42D4-910C-71BB6ED25F54}.Debug|Any CPU.ActiveCfg = Debug|Any CPU
		{6AA19D70-2C21-42D4-910C-71BB6ED25F54}.Debug|Any CPU.Build.0 = Debug|Any CPU
		{6AA19D70-2C21-42D4-910C-71BB6ED25F54}.Release|Any CPU.ActiveCfg = Release|Any CPU
		{6AA19D70-2C21-42D4-910C-71BB6ED25F54}.Release|Any CPU.Build.0 = Release|Any CPU
		{13AD818B-3EA9-4119-8560-8E25AFA49ADC}.Debug|Any CPU.ActiveCfg = Debug|Any CPU
		{13AD818B-3EA9-4119-8560-8E25AFA49ADC}.Debug|Any CPU.Build.0 = Debug|Any CPU
		{13AD818B-3EA9-4119-8560-8E25AFA49ADC}.Release|Any CPU.ActiveCfg = Release|Any CPU
		{13AD818B-3EA9-4119-8560-8E25AFA49ADC}.Release|Any CPU.Build.0 = Release|Any CPU
		{29249E5E-E453-44FC-8CE1-5B4E346EC1D5}.Debug|Any CPU.ActiveCfg = Debug|Any CPU
		{29249E5E-E453-44FC-8CE1-5B4E346EC1D5}.Debug|Any CPU.Build.0 = Debug|Any CPU
		{29249E5E-E453-44FC-8CE1-5B4E346EC1D5}.Release|Any CPU.ActiveCfg = Release|Any CPU
		{29249E5E-E453-44FC-8CE1-5B4E346EC1D5}.Release|Any CPU.Build.0 = Release|Any CPU
	EndGlobalSection
	GlobalSection(SolutionProperties) = preSolution
		HideSolutionNode = FALSE
	EndGlobalSection
	GlobalSection(NestedProjects) = preSolution
		{F36E5C88-9651-4C75-BA64-DC4282E8E54D} = {F23E762B-61CC-4185-92F8-13CA6BB6B3C5}
		{F65993FC-73AB-4A40-BC2D-FA60EED52F2A} = {F23E762B-61CC-4185-92F8-13CA6BB6B3C5}
		{5B1360DB-8959-4025-B9AF-9C287A6E50E7} = {F23E762B-61CC-4185-92F8-13CA6BB6B3C5}
		{6CF00112-CAB6-491E-93A9-E1AA602C7370} = {F23E762B-61CC-4185-92F8-13CA6BB6B3C5}
		{E7C4F535-BA76-4FDD-B8CB-E151D9B67D8C} = {F23E762B-61CC-4185-92F8-13CA6BB6B3C5}
		{02AF0B54-990B-49A5-B8C1-C1B7D0C235E1} = {F23E762B-61CC-4185-92F8-13CA6BB6B3C5}
		{F1E6F392-C43A-4450-98CF-20C02E84FD2A} = {7218B349-A195-4312-A8B4-F3A1841137FF}
		{209615EA-E440-41A6-A620-EB0CA46A75AF} = {7218B349-A195-4312-A8B4-F3A1841137FF}
		{E7CF7792-F816-42CE-B4CD-91981DEAC52C} = {7218B349-A195-4312-A8B4-F3A1841137FF}
		{D684A268-EA9F-4B07-B6D1-4E1FF010B1CF} = {7218B349-A195-4312-A8B4-F3A1841137FF}
		{E2F77796-D841-4F16-8E9D-DBA455C04BD1} = {E444124E-509D-4A94-8630-865CBE3DFFF6}
		{378F6C48-C0D3-43FD-A7E3-231C707405B8} = {E444124E-509D-4A94-8630-865CBE3DFFF6}
		{382E5CE5-7EC0-43A3-B88E-10300749C83C} = {E444124E-509D-4A94-8630-865CBE3DFFF6}
		{21803751-EDB0-448B-924F-1CC64858C77E} = {E444124E-509D-4A94-8630-865CBE3DFFF6}
		{34C88552-EB7F-4138-B990-31E8B5F6DB7C} = {FD472B12-7DFF-4593-B750-36299AD2E66A}
		{D1FCA17C-0D45-4AFB-BF45-CAF8F5CF4CE5} = {FD472B12-7DFF-4593-B750-36299AD2E66A}
		{C7E82F5B-67E4-4D1B-B842-91046E392CED} = {FD472B12-7DFF-4593-B750-36299AD2E66A}
		{C951F03A-D06C-4340-A9AC-16FF873760ED} = {C7E82F5B-67E4-4D1B-B842-91046E392CED}
		{D680A904-20EE-4DD3-AF85-4FEB5BC4C7BE} = {C7E82F5B-67E4-4D1B-B842-91046E392CED}
		{3B4326B8-D45E-4160-BF14-6E1A491EB626} = {FE22C89E-8554-4DC2-83B3-8EEE13375421}
		{23A1C3AD-239E-4C75-973E-6BB524AB008A} = {FE22C89E-8554-4DC2-83B3-8EEE13375421}
		{2CA45E2D-67C0-4600-8FCA-ADDEEE7336EE} = {FE22C89E-8554-4DC2-83B3-8EEE13375421}
		{220EA774-ED98-4F7D-9B34-0729C37F7182} = {FE22C89E-8554-4DC2-83B3-8EEE13375421}
		{FB5E1F46-2561-4B35-BE77-BB71950C6A94} = {FE22C89E-8554-4DC2-83B3-8EEE13375421}
		{E8CBD815-D178-4747-B5E3-8B7E32190B44} = {F1FCB16F-5F08-46D0-A48F-7CD4FAFF0E08}
		{DF914959-AF8F-4037-9A2A-57507B9C030A} = {F1FCB16F-5F08-46D0-A48F-7CD4FAFF0E08}
		{45FEA6FB-0575-469C-84A5-6524035EF069} = {B7CD0E00-8BFB-4688-8644-5EF01B5DF4C7}
		{3071622F-08D3-423A-916E-A6B3B28968D6} = {F1FCB16F-5F08-46D0-A48F-7CD4FAFF0E08}
		{2930A7FE-AA52-435E-8331-0F59BA559C79} = {DACCF0AD-9E6F-492E-9F46-3D493CE808DD}
		{7EA66DCD-9AC1-42D8-B91D-A61E470A39C7} = {DACCF0AD-9E6F-492E-9F46-3D493CE808DD}
		{1B7D1B08-AB8D-4947-8A42-6D94174CA559} = {DACCF0AD-9E6F-492E-9F46-3D493CE808DD}
		{74B99365-3EEB-496E-A4DF-5DA9469DED9E} = {DACCF0AD-9E6F-492E-9F46-3D493CE808DD}
		{72A361C0-2567-4D5E-8172-500C7225C823} = {DACCF0AD-9E6F-492E-9F46-3D493CE808DD}
		{6AA19D70-2C21-42D4-910C-71BB6ED25F54} = {300027E9-308D-42B3-A31C-88107C38D7BA}
		{13AD818B-3EA9-4119-8560-8E25AFA49ADC} = {300027E9-308D-42B3-A31C-88107C38D7BA}
		{29249E5E-E453-44FC-8CE1-5B4E346EC1D5} = {3E8D236C-6200-4A06-87BE-2F9E46B535FC}
	EndGlobalSection
EndGlobal
