
Microsoft Visual Studio Solution File, Format Version 12.00
# Visual Studio Version 17
VisualStudioVersion = 17.12.35527.113
MinimumVisualStudioVersion = 10.0.40219.1
Project("{FAE04EC0-301F-11D3-BF4B-00C04F79EFBC}") = "ChoosingPaymentMethod", "ChoosingPaymentMethod\ChoosingPaymentMethod.csproj", "{F36E5C88-9651-4C75-BA64-DC4282E8E54D}"
EndProject
Project("{2150E333-8FDC-42A3-9474-1A3956D46DE8}") = "Strategy", "Strategy", "{F23E762B-61CC-4185-92F8-13CA6BB6B3C5}"
EndProject
Project("{FAE04EC0-301F-11D3-BF4B-00C04F79EFBC}") = "ChoosingSortingAlgorithm", "ChoosingSortingAlgorithm\ChoosingSortingAlgorithm.csproj", "{F65993FC-73AB-4A40-BC2D-FA60EED52F2A}"
EndProject
Project("{FAE04EC0-301F-11D3-BF4B-00C04F79EFBC}") = "ChoosingCompressionAlgorithm", "ChoosingCompressionAlgorithm\ChoosingCompressionAlgorithm.csproj", "{5B1360DB-8959-4025-B9AF-9C287A6E50E7}"
EndProject
Project("{FAE04EC0-301F-11D3-BF4B-00C04F79EFBC}") = "LoggingMessages", "LoggingMessages\LoggingMessages.csproj", "{6CF00112-CAB6-491E-93A9-E1AA602C7370}"
EndProject
Project("{FAE04EC0-301F-11D3-BF4B-00C04F79EFBC}") = "OrderProcessing", "OrderProcessing\OrderProcessing.csproj", "{E7C4F535-BA76-4FDD-B8CB-E151D9B67D8C}"
EndProject
Project("{2150E333-8FDC-42A3-9474-1A3956D46DE8}") = "readme", "readme", "{02AF0B54-990B-49A5-B8C1-C1B7D0C235E1}"
	ProjectSection(SolutionItems) = preProject
		strategy_readme.txt = strategy_readme.txt
	EndProjectSection
EndProject
Project("{2150E333-8FDC-42A3-9474-1A3956D46DE8}") = "Mediator", "Mediator", "{7218B349-A195-4312-A8B4-F3A1841137FF}"
EndProject
Project("{2150E333-8FDC-42A3-9474-1A3956D46DE8}") = "readme", "readme", "{F1E6F392-C43A-4450-98CF-20C02E84FD2A}"
	ProjectSection(SolutionItems) = preProject
		mediator_readme.txt = mediator_readme.txt
	EndProjectSection
EndProject
Project("{FAE04EC0-301F-11D3-BF4B-00C04F79EFBC}") = "ChatRoom", "ChatRoom\ChatRoom.csproj", "{209615EA-E440-41A6-A620-EB0CA46A75AF}"
EndProject
Project("{FAE04EC0-301F-11D3-BF4B-00C04F79EFBC}") = "Notification", "Notification\Notification.csproj", "{E7CF7792-F816-42CE-B4CD-91981DEAC52C}"
EndProject
Project("{FAE04EC0-301F-11D3-BF4B-00C04F79EFBC}") = "AirTrafficTower", "AirTrafficMediator\AirTrafficTower.csproj", "{D684A268-EA9F-4B07-B6D1-4E1FF010B1CF}"
EndProject
Global
	GlobalSection(SolutionConfigurationPlatforms) = preSolution
		Debug|Any CPU = Debug|Any CPU
		Release|Any CPU = Release|Any CPU
	EndGlobalSection
	GlobalSection(ProjectConfigurationPlatforms) = postSolution
		{F36E5C88-9651-4C75-BA64-DC4282E8E54D}.Debug|Any CPU.ActiveCfg = Debug|Any CPU
		{F36E5C88-9651-4C75-BA64-DC4282E8E54D}.Debug|Any CPU.Build.0 = Debug|Any CPU
		{F36E5C88-9651-4C75-BA64-DC4282E8E54D}.Release|Any CPU.ActiveCfg = Release|Any CPU
		{F36E5C88-9651-4C75-BA64-DC4282E8E54D}.Release|Any CPU.Build.0 = Release|Any CPU
		{F65993FC-73AB-4A40-BC2D-FA60EED52F2A}.Debug|Any CPU.ActiveCfg = Debug|Any CPU
		{F65993FC-73AB-4A40-BC2D-FA60EED52F2A}.Debug|Any CPU.Build.0 = Debug|Any CPU
		{F65993FC-73AB-4A40-BC2D-FA60EED52F2A}.Release|Any CPU.ActiveCfg = Release|Any CPU
		{F65993FC-73AB-4A40-BC2D-FA60EED52F2A}.Release|Any CPU.Build.0 = Release|Any CPU
		{5B1360DB-8959-4025-B9AF-9C287A6E50E7}.Debug|Any CPU.ActiveCfg = Debug|Any CPU
		{5B1360DB-8959-4025-B9AF-9C287A6E50E7}.Debug|Any CPU.Build.0 = Debug|Any CPU
		{5B1360DB-8959-4025-B9AF-9C287A6E50E7}.Release|Any CPU.ActiveCfg = Release|Any CPU
		{5B1360DB-8959-4025-B9AF-9C287A6E50E7}.Release|Any CPU.Build.0 = Release|Any CPU
		{6CF00112-CAB6-491E-93A9-E1AA602C7370}.Debug|Any CPU.ActiveCfg = Debug|Any CPU
		{6CF00112-CAB6-491E-93A9-E1AA602C7370}.Debug|Any CPU.Build.0 = Debug|Any CPU
		{6CF00112-CAB6-491E-93A9-E1AA602C7370}.Release|Any CPU.ActiveCfg = Release|Any CPU
		{6CF00112-CAB6-491E-93A9-E1AA602C7370}.Release|Any CPU.Build.0 = Release|Any CPU
		{E7C4F535-BA76-4FDD-B8CB-E151D9B67D8C}.Debug|Any CPU.ActiveCfg = Debug|Any CPU
		{E7C4F535-BA76-4FDD-B8CB-E151D9B67D8C}.Debug|Any CPU.Build.0 = Debug|Any CPU
		{E7C4F535-BA76-4FDD-B8CB-E151D9B67D8C}.Release|Any CPU.ActiveCfg = Release|Any CPU
		{E7C4F535-BA76-4FDD-B8CB-E151D9B67D8C}.Release|Any CPU.Build.0 = Release|Any CPU
		{209615EA-E440-41A6-A620-EB0CA46A75AF}.Debug|Any CPU.ActiveCfg = Debug|Any CPU
		{209615EA-E440-41A6-A620-EB0CA46A75AF}.Debug|Any CPU.Build.0 = Debug|Any CPU
		{209615EA-E440-41A6-A620-EB0CA46A75AF}.Release|Any CPU.ActiveCfg = Release|Any CPU
		{209615EA-E440-41A6-A620-EB0CA46A75AF}.Release|Any CPU.Build.0 = Release|Any CPU
		{E7CF7792-F816-42CE-B4CD-91981DEAC52C}.Debug|Any CPU.ActiveCfg = Debug|Any CPU
		{E7CF7792-F816-42CE-B4CD-91981DEAC52C}.Debug|Any CPU.Build.0 = Debug|Any CPU
		{E7CF7792-F816-42CE-B4CD-91981DEAC52C}.Release|Any CPU.ActiveCfg = Release|Any CPU
		{E7CF7792-F816-42CE-B4CD-91981DEAC52C}.Release|Any CPU.Build.0 = Release|Any CPU
		{D684A268-EA9F-4B07-B6D1-4E1FF010B1CF}.Debug|Any CPU.ActiveCfg = Debug|Any CPU
		{D684A268-EA9F-4B07-B6D1-4E1FF010B1CF}.Debug|Any CPU.Build.0 = Debug|Any CPU
		{D684A268-EA9F-4B07-B6D1-4E1FF010B1CF}.Release|Any CPU.ActiveCfg = Release|Any CPU
		{D684A268-EA9F-4B07-B6D1-4E1FF010B1CF}.Release|Any CPU.Build.0 = Release|Any CPU
	EndGlobalSection
	GlobalSection(SolutionProperties) = preSolution
		HideSolutionNode = FALSE
	EndGlobalSection
	GlobalSection(NestedProjects) = preSolution
		{F36E5C88-9651-4C75-BA64-DC4282E8E54D} = {F23E762B-61CC-4185-92F8-13CA6BB6B3C5}
		{F65993FC-73AB-4A40-BC2D-FA60EED52F2A} = {F23E762B-61CC-4185-92F8-13CA6BB6B3C5}
		{5B1360DB-8959-4025-B9AF-9C287A6E50E7} = {F23E762B-61CC-4185-92F8-13CA6BB6B3C5}
		{6CF00112-CAB6-491E-93A9-E1AA602C7370} = {F23E762B-61CC-4185-92F8-13CA6BB6B3C5}
		{E7C4F535-BA76-4FDD-B8CB-E151D9B67D8C} = {F23E762B-61CC-4185-92F8-13CA6BB6B3C5}
		{02AF0B54-990B-49A5-B8C1-C1B7D0C235E1} = {F23E762B-61CC-4185-92F8-13CA6BB6B3C5}
		{F1E6F392-C43A-4450-98CF-20C02E84FD2A} = {7218B349-A195-4312-A8B4-F3A1841137FF}
		{209615EA-E440-41A6-A620-EB0CA46A75AF} = {7218B349-A195-4312-A8B4-F3A1841137FF}
		{E7CF7792-F816-42CE-B4CD-91981DEAC52C} = {7218B349-A195-4312-A8B4-F3A1841137FF}
		{D684A268-EA9F-4B07-B6D1-4E1FF010B1CF} = {7218B349-A195-4312-A8B4-F3A1841137FF}
	EndGlobalSection
EndGlobal
